
Microsoft Visual Studio Solution File, Format Version 12.00
# Visual Studio Version 17
VisualStudioVersion = 17.11.35312.102
MinimumVisualStudioVersion = 10.0.40219.1
Project("{FAE04EC0-301F-11D3-BF4B-00C04F79EFBC}") = "SampleAppWASMStandAlone", "SampleAppWASMStandAlone\SampleAppWASMStandAlone.csproj", "{2545C261-92BC-4AA2-B953-AE765E039228}"
EndProject
Global
	GlobalSection(SolutionConfigurationPlatforms) = preSolution
		Debug|Any CPU = Debug|Any CPU
		Release|Any CPU = Release|Any CPU
	EndGlobalSection
	GlobalSection(ProjectConfigurationPlatforms) = postSolution
		{2545C261-92BC-4AA2-B953-AE765E039228}.Debug|Any CPU.ActiveCfg = Debug|Any CPU
		{2545C261-92BC-4AA2-B953-AE765E039228}.Debug|Any CPU.Build.0 = Debug|Any CPU
		{2545C261-92BC-4AA2-B953-AE765E039228}.Release|Any CPU.ActiveCfg = Release|Any CPU
		{2545C261-92BC-4AA2-B953-AE765E039228}.Release|Any CPU.Build.0 = Release|Any CPU
	EndGlobalSection
	GlobalSection(SolutionProperties) = preSolution
		HideSolutionNode = FALSE
	EndGlobalSection
	GlobalSection(ExtensibilityGlobals) = postSolution
		SolutionGuid = {0303E9FC-27F3-4822-AA5E-7EEEC73DB376}
	EndGlobalSection
EndGlobal
